
Microsoft Visual Studio Solution File, Format Version 12.00
# Visual Studio Version 16
VisualStudioVersion = 16.0.31624.102
MinimumVisualStudioVersion = 10.0.40219.1
Project("{9A19103F-16F7-4668-BE54-9A1E7A4F7556}") = "RecipeApp", "RecipeApp.csproj", "{B04900C6-0B93-4E23-AC02-416110E9A947}"
EndProject
Project("{9A19103F-16F7-4668-BE54-9A1E7A4F7556}") = "RecipeApp.Entities", "..\RecipeApp.Entities\RecipeApp.Entities.csproj", "{37963C28-25B1-4A33-8719-27506597761E}"
EndProject
Project("{FAE04EC0-301F-11D3-BF4B-00C04F79EFBC}") = "RecipeApp.DataAccess", "..\RecipeApp.DataAccess\RecipeApp.DataAccess.csproj", "{A684EE32-7772-454C-93E5-BD4A5248C7C2}"
EndProject
Global
	GlobalSection(SolutionConfigurationPlatforms) = preSolution
		Debug|Any CPU = Debug|Any CPU
		Release|Any CPU = Release|Any CPU
	EndGlobalSection
	GlobalSection(ProjectConfigurationPlatforms) = postSolution
		{B04900C6-0B93-4E23-AC02-416110E9A947}.Debug|Any CPU.ActiveCfg = Debug|Any CPU
		{B04900C6-0B93-4E23-AC02-416110E9A947}.Debug|Any CPU.Build.0 = Debug|Any CPU
		{B04900C6-0B93-4E23-AC02-416110E9A947}.Release|Any CPU.ActiveCfg = Release|Any CPU
		{B04900C6-0B93-4E23-AC02-416110E9A947}.Release|Any CPU.Build.0 = Release|Any CPU
		{37963C28-25B1-4A33-8719-27506597761E}.Debug|Any CPU.ActiveCfg = Debug|Any CPU
		{37963C28-25B1-4A33-8719-27506597761E}.Debug|Any CPU.Build.0 = Debug|Any CPU
		{37963C28-25B1-4A33-8719-27506597761E}.Release|Any CPU.ActiveCfg = Release|Any CPU
		{37963C28-25B1-4A33-8719-27506597761E}.Release|Any CPU.Build.0 = Release|Any CPU
		{A684EE32-7772-454C-93E5-BD4A5248C7C2}.Debug|Any CPU.ActiveCfg = Debug|Any CPU
		{A684EE32-7772-454C-93E5-BD4A5248C7C2}.Debug|Any CPU.Build.0 = Debug|Any CPU
		{A684EE32-7772-454C-93E5-BD4A5248C7C2}.Release|Any CPU.ActiveCfg = Release|Any CPU
		{A684EE32-7772-454C-93E5-BD4A5248C7C2}.Release|Any CPU.Build.0 = Release|Any CPU
	EndGlobalSection
	GlobalSection(SolutionProperties) = preSolution
		HideSolutionNode = FALSE
	EndGlobalSection
	GlobalSection(ExtensibilityGlobals) = postSolution
		SolutionGuid = {F4D3C446-14C2-49B5-87CD-4D4063A637B7}
	EndGlobalSection
EndGlobal
